
Microsoft Visual Studio Solution File, Format Version 12.00
# Visual Studio Version 17
VisualStudioVersion = 17.10.34928.147
MinimumVisualStudioVersion = 10.0.40219.1
Project("{FAE04EC0-301F-11D3-BF4B-00C04F79EFBC}") = "ApiGateway", "ApiGateway.csproj", "{6962ECCA-F6F8-4864-B6CA-D529DE939602}"
EndProject
Global
	GlobalSection(SolutionConfigurationPlatforms) = preSolution
		Debug|Any CPU = Debug|Any CPU
		Release|Any CPU = Release|Any CPU
	EndGlobalSection
	GlobalSection(ProjectConfigurationPlatforms) = postSolution
		{6962ECCA-F6F8-4864-B6CA-D529DE939602}.Debug|Any CPU.ActiveCfg = Debug|Any CPU
		{6962ECCA-F6F8-4864-B6CA-D529DE939602}.Debug|Any CPU.Build.0 = Debug|Any CPU
		{6962ECCA-F6F8-4864-B6CA-D529DE939602}.Release|Any CPU.ActiveCfg = Release|Any CPU
		{6962ECCA-F6F8-4864-B6CA-D529DE939602}.Release|Any CPU.Build.0 = Release|Any CPU
	EndGlobalSection
	GlobalSection(SolutionProperties) = preSolution
		HideSolutionNode = FALSE
	EndGlobalSection
	GlobalSection(ExtensibilityGlobals) = postSolution
		SolutionGuid = {BBCBE738-5957-44EA-B7F1-218FE8CF85F4}
	EndGlobalSection
EndGlobal
