
Microsoft Visual Studio Solution File, Format Version 12.00
# Visual Studio Version 17
VisualStudioVersion = 17.14.37027.9 d17.14
MinimumVisualStudioVersion = 10.0.40219.1
Project("{FAE04EC0-301F-11D3-BF4B-00C04F79EFBC}") = "BlogService", "BlogService.csproj", "{4E8CE0C6-56D4-4E02-A284-D0C1A80F3747}"
EndProject
Global
	GlobalSection(SolutionConfigurationPlatforms) = preSolution
		Debug|Any CPU = Debug|Any CPU
		Release|Any CPU = Release|Any CPU
	EndGlobalSection
	GlobalSection(ProjectConfigurationPlatforms) = postSolution
		{4E8CE0C6-56D4-4E02-A284-D0C1A80F3747}.Debug|Any CPU.ActiveCfg = Debug|Any CPU
		{4E8CE0C6-56D4-4E02-A284-D0C1A80F3747}.Debug|Any CPU.Build.0 = Debug|Any CPU
		{4E8CE0C6-56D4-4E02-A284-D0C1A80F3747}.Release|Any CPU.ActiveCfg = Release|Any CPU
		{4E8CE0C6-56D4-4E02-A284-D0C1A80F3747}.Release|Any CPU.Build.0 = Release|Any CPU
	EndGlobalSection
	GlobalSection(SolutionProperties) = preSolution
		HideSolutionNode = FALSE
	EndGlobalSection
	GlobalSection(ExtensibilityGlobals) = postSolution
		SolutionGuid = {7A247146-C09D-4DD9-87A2-6059C5E6C8A8}
	EndGlobalSection
EndGlobal
